
Microsoft Visual Studio Solution File, Format Version 12.00
# Visual Studio Version 16
VisualStudioVersion = 16.0.29123.88
MinimumVisualStudioVersion = 10.0.40219.1
Project("{2150E333-8FDC-42A3-9474-1A3956D46DE8}") = "src", "src", "{7FB73A4F-AAA4-4E37-8646-EB2036A90239}"
EndProject
Project("{FAE04EC0-301F-11D3-BF4B-00C04F79EFBC}") = "Nymezide.Shapes", "src\Nymezide.Shapes\Nymezide.Shapes.csproj", "{D5F0D141-FEB7-497B-84CB-5B336E5C58D4}"
EndProject
Project("{2150E333-8FDC-42A3-9474-1A3956D46DE8}") = "tests", "tests", "{4DCFC751-F397-40E0-9C23-25D987EF5C68}"
EndProject
Project("{FAE04EC0-301F-11D3-BF4B-00C04F79EFBC}") = "Nymezide.Shapes.Tests", "tests\Nymezide.Shapes.Tests\Nymezide.Shapes.Tests.csproj", "{388E75EA-C670-479E-82BF-0166A0D38569}"
EndProject
Global
	GlobalSection(SolutionConfigurationPlatforms) = preSolution
		Debug|Any CPU = Debug|Any CPU
		Release|Any CPU = Release|Any CPU
	EndGlobalSection
	GlobalSection(ProjectConfigurationPlatforms) = postSolution
		{D5F0D141-FEB7-497B-84CB-5B336E5C58D4}.Debug|Any CPU.ActiveCfg = Debug|Any CPU
		{D5F0D141-FEB7-497B-84CB-5B336E5C58D4}.Debug|Any CPU.Build.0 = Debug|Any CPU
		{D5F0D141-FEB7-497B-84CB-5B336E5C58D4}.Release|Any CPU.ActiveCfg = Release|Any CPU
		{D5F0D141-FEB7-497B-84CB-5B336E5C58D4}.Release|Any CPU.Build.0 = Release|Any CPU
		{388E75EA-C670-479E-82BF-0166A0D38569}.Debug|Any CPU.ActiveCfg = Debug|Any CPU
		{388E75EA-C670-479E-82BF-0166A0D38569}.Debug|Any CPU.Build.0 = Debug|Any CPU
		{388E75EA-C670-479E-82BF-0166A0D38569}.Release|Any CPU.ActiveCfg = Release|Any CPU
		{388E75EA-C670-479E-82BF-0166A0D38569}.Release|Any CPU.Build.0 = Release|Any CPU
	EndGlobalSection
	GlobalSection(SolutionProperties) = preSolution
		HideSolutionNode = FALSE
	EndGlobalSection
	GlobalSection(NestedProjects) = preSolution
		{D5F0D141-FEB7-497B-84CB-5B336E5C58D4} = {7FB73A4F-AAA4-4E37-8646-EB2036A90239}
		{388E75EA-C670-479E-82BF-0166A0D38569} = {4DCFC751-F397-40E0-9C23-25D987EF5C68}
	EndGlobalSection
	GlobalSection(ExtensibilityGlobals) = postSolution
		SolutionGuid = {4AF5EDAD-226C-4C55-817D-95B54AA653EB}
	EndGlobalSection
EndGlobal
